
Microsoft Visual Studio Solution File, Format Version 12.00
# Visual Studio Version 17
VisualStudioVersion = 17.1.32210.238
MinimumVisualStudioVersion = 10.0.40219.1
Project("{2150E333-8FDC-42A3-9474-1A3956D46DE8}") = "Solution Items", "Solution Items", "{4D5B8031-0049-4744-A3B8-19C9E7541430}"
	ProjectSection(SolutionItems) = preProject
		.dockerignore = .dockerignore
		.gitignore = .gitignore
		src\docker-compose.override.yml = src\docker-compose.override.yml
		src\docker-compose.yml = src\docker-compose.yml
		global.json = global.json
		README.md = README.md
	EndProjectSection
EndProject
Project("{2150E333-8FDC-42A3-9474-1A3956D46DE8}") = "src", "src", "{7D0B5F6B-166A-4DCC-B24C-C20DE713F129}"
	ProjectSection(SolutionItems) = preProject
		global.json = global.json
	EndProjectSection
EndProject
Project("{2150E333-8FDC-42A3-9474-1A3956D46DE8}") = "tests", "tests", "{C4681820-7E0E-40CE-94FD-4B022A62410B}"
EndProject
Project("{2150E333-8FDC-42A3-9474-1A3956D46DE8}") = "ApiGateways", "ApiGateways", "{F2F34C2B-7C01-4C04-9F2A-A398B6EF8971}"
EndProject
Project("{2150E333-8FDC-42A3-9474-1A3956D46DE8}") = "BuildingBlocks", "BuildingBlocks", "{49DFCA1D-998C-4917-9BCD-C6B78C32955E}"
EndProject
Project("{2150E333-8FDC-42A3-9474-1A3956D46DE8}") = "Services", "Services", "{AC78D868-C788-4123-BC10-89E322874418}"
EndProject
Project("{2150E333-8FDC-42A3-9474-1A3956D46DE8}") = "WebApps", "WebApps", "{3ABA14A7-5645-44C4-8D32-76AAD0B84BC4}"
EndProject
Project("{9A19103F-16F7-4668-BE54-9A1E7A4F7556}") = "Common.Logging", "src\BuildingBlocks\Common.Logging\Common.Logging.csproj", "{468F8D1A-F5A1-4C34-B4CC-EDD65D951240}"
EndProject
Project("{2150E333-8FDC-42A3-9474-1A3956D46DE8}") = "Product", "Product", "{E0D6BE10-2A2D-4EBD-9764-C797110721D3}"
EndProject
Project("{2150E333-8FDC-42A3-9474-1A3956D46DE8}") = "Customer", "Customer", "{BF21E2A4-672B-4461-BC43-4AE558CAC302}"
EndProject
Project("{2150E333-8FDC-42A3-9474-1A3956D46DE8}") = "Basket", "Basket", "{F4EDC8CC-1CE8-4004-A4B9-DA92CC97FE58}"
EndProject
Project("{2150E333-8FDC-42A3-9474-1A3956D46DE8}") = "Ordering", "Ordering", "{BD23FCFB-9E08-4DAF-A971-EB7C9E45A97C}"
EndProject
Project("{2150E333-8FDC-42A3-9474-1A3956D46DE8}") = "Inventory", "Inventory", "{00FB7AA3-AB48-4117-8DB8-7D2319F8C566}"
EndProject
Project("{2150E333-8FDC-42A3-9474-1A3956D46DE8}") = "SheduledJob", "SheduledJob", "{030204F4-8BFD-4FA5-B0F1-8E2DE427573E}"
EndProject
Project("{9A19103F-16F7-4668-BE54-9A1E7A4F7556}") = "WebHealthStatus", "src\WebApps\WebHealthStatus\WebHealthStatus.csproj", "{5EFC7DE5-5AFB-4B8E-8D0F-0C5FECF4EE88}"
EndProject
Project("{9A19103F-16F7-4668-BE54-9A1E7A4F7556}") = "Basket.API", "src\Services\Basket.API\Basket.API.csproj", "{5279AC3A-9EF0-45C3-90A1-95B4288DD3DE}"
EndProject
Project("{9A19103F-16F7-4668-BE54-9A1E7A4F7556}") = "Customer.API", "src\Services\Customer.API\Customer.API.csproj", "{4093D403-AC14-404D-A8F8-5C9640030503}"
EndProject
Project("{9A19103F-16F7-4668-BE54-9A1E7A4F7556}") = "Inventory.API", "src\Services\Inventory.API\Inventory.API.csproj", "{F29FE9CE-1D99-411B-A7A4-1922899AFFC9}"
EndProject
Project("{9A19103F-16F7-4668-BE54-9A1E7A4F7556}") = "Product.API", "src\Services\Product.API\Product.API.csproj", "{8CBF4DF1-16E2-4D7C-9675-57139DC2EDC0}"
EndProject
Project("{9A19103F-16F7-4668-BE54-9A1E7A4F7556}") = "Hangfire.API", "src\Services\Hangfire.API\Hangfire.API.csproj", "{DACBA047-ABC6-41F9-A64C-C5199D910F7E}"
EndProject
Project("{9A19103F-16F7-4668-BE54-9A1E7A4F7556}") = "Contracts", "src\BuildingBlocks\Contracts\Contracts.csproj", "{152C9FBF-96D1-4344-B0DB-A87C53EA4D7B}"
EndProject
Project("{9A19103F-16F7-4668-BE54-9A1E7A4F7556}") = "Infrastructure", "src\BuildingBlocks\Infrastructure\Infrastructure.csproj", "{E230482D-A206-41E5-9863-11D9A1837503}"
EndProject
Project("{9A19103F-16F7-4668-BE54-9A1E7A4F7556}") = "Shared", "src\BuildingBlocks\Shared\Shared.csproj", "{E0B55DFF-17D6-400E-9CB9-77D3587DFBF1}"
EndProject
Project("{9A19103F-16F7-4668-BE54-9A1E7A4F7556}") = "OcelotApiGw", "src\ApiGateways\OcelotApiGw\OcelotApiGw.csproj", "{01FEF57C-E6E7-480F-A17F-3EE78DF240B7}"
EndProject
Project("{9A19103F-16F7-4668-BE54-9A1E7A4F7556}") = "Ordering.API", "src\Services\Ordering\Ordering.API\Ordering.API.csproj", "{5ACB8EEA-2957-4B6C-AC70-DEBCD28DE48C}"
EndProject
Project("{9A19103F-16F7-4668-BE54-9A1E7A4F7556}") = "Ordering.Application", "src\Services\Ordering\Ordering.Application\Ordering.Application.csproj", "{C4923BE8-A722-426B-B507-D85A466D9ED4}"
EndProject
Project("{9A19103F-16F7-4668-BE54-9A1E7A4F7556}") = "Ordering.Domain", "src\Services\Ordering\Ordering.Domain\Ordering.Domain.csproj", "{3B230B3D-AAAE-4907-B1CE-55560432EA6E}"
EndProject
Project("{9A19103F-16F7-4668-BE54-9A1E7A4F7556}") = "Ordering.Infrastructure", "src\Services\Ordering\Ordering.Infrastructure\Ordering.Infrastructure.csproj", "{50DA2EA5-902E-432C-A8C3-077CCF1A1AC9}"
EndProject
Project("{2150E333-8FDC-42A3-9474-1A3956D46DE8}") = "EventBus", "EventBus", "{FC9974B2-5DA5-4E33-A52C-5C0C500345B2}"
EndProject
Project("{FAE04EC0-301F-11D3-BF4B-00C04F79EFBC}") = "EventBus.Messages", "src\BuildingBlocks\EventBus\EventBus.Messages\EventBus.Messages.csproj", "{567DA669-1F05-48EF-BC58-D71F28D9C0B6}"
EndProject
Global
	GlobalSection(SolutionConfigurationPlatforms) = preSolution
		Debug|Any CPU = Debug|Any CPU
		Release|Any CPU = Release|Any CPU
	EndGlobalSection
	GlobalSection(ProjectConfigurationPlatforms) = postSolution
		{468F8D1A-F5A1-4C34-B4CC-EDD65D951240}.Debug|Any CPU.ActiveCfg = Debug|Any CPU
		{468F8D1A-F5A1-4C34-B4CC-EDD65D951240}.Debug|Any CPU.Build.0 = Debug|Any CPU
		{468F8D1A-F5A1-4C34-B4CC-EDD65D951240}.Release|Any CPU.ActiveCfg = Release|Any CPU
		{468F8D1A-F5A1-4C34-B4CC-EDD65D951240}.Release|Any CPU.Build.0 = Release|Any CPU
		{5EFC7DE5-5AFB-4B8E-8D0F-0C5FECF4EE88}.Debug|Any CPU.ActiveCfg = Debug|Any CPU
		{5EFC7DE5-5AFB-4B8E-8D0F-0C5FECF4EE88}.Debug|Any CPU.Build.0 = Debug|Any CPU
		{5EFC7DE5-5AFB-4B8E-8D0F-0C5FECF4EE88}.Release|Any CPU.ActiveCfg = Release|Any CPU
		{5EFC7DE5-5AFB-4B8E-8D0F-0C5FECF4EE88}.Release|Any CPU.Build.0 = Release|Any CPU
		{5279AC3A-9EF0-45C3-90A1-95B4288DD3DE}.Debug|Any CPU.ActiveCfg = Debug|Any CPU
		{5279AC3A-9EF0-45C3-90A1-95B4288DD3DE}.Debug|Any CPU.Build.0 = Debug|Any CPU
		{5279AC3A-9EF0-45C3-90A1-95B4288DD3DE}.Release|Any CPU.ActiveCfg = Release|Any CPU
		{5279AC3A-9EF0-45C3-90A1-95B4288DD3DE}.Release|Any CPU.Build.0 = Release|Any CPU
		{4093D403-AC14-404D-A8F8-5C9640030503}.Debug|Any CPU.ActiveCfg = Debug|Any CPU
		{4093D403-AC14-404D-A8F8-5C9640030503}.Debug|Any CPU.Build.0 = Debug|Any CPU
		{4093D403-AC14-404D-A8F8-5C9640030503}.Release|Any CPU.ActiveCfg = Release|Any CPU
		{4093D403-AC14-404D-A8F8-5C9640030503}.Release|Any CPU.Build.0 = Release|Any CPU
		{F29FE9CE-1D99-411B-A7A4-1922899AFFC9}.Debug|Any CPU.ActiveCfg = Debug|Any CPU
		{F29FE9CE-1D99-411B-A7A4-1922899AFFC9}.Debug|Any CPU.Build.0 = Debug|Any CPU
		{F29FE9CE-1D99-411B-A7A4-1922899AFFC9}.Release|Any CPU.ActiveCfg = Release|Any CPU
		{F29FE9CE-1D99-411B-A7A4-1922899AFFC9}.Release|Any CPU.Build.0 = Release|Any CPU
		{8CBF4DF1-16E2-4D7C-9675-57139DC2EDC0}.Debug|Any CPU.ActiveCfg = Debug|Any CPU
		{8CBF4DF1-16E2-4D7C-9675-57139DC2EDC0}.Debug|Any CPU.Build.0 = Debug|Any CPU
		{8CBF4DF1-16E2-4D7C-9675-57139DC2EDC0}.Release|Any CPU.ActiveCfg = Release|Any CPU
		{8CBF4DF1-16E2-4D7C-9675-57139DC2EDC0}.Release|Any CPU.Build.0 = Release|Any CPU
		{DACBA047-ABC6-41F9-A64C-C5199D910F7E}.Debug|Any CPU.ActiveCfg = Debug|Any CPU
		{DACBA047-ABC6-41F9-A64C-C5199D910F7E}.Debug|Any CPU.Build.0 = Debug|Any CPU
		{DACBA047-ABC6-41F9-A64C-C5199D910F7E}.Release|Any CPU.ActiveCfg = Release|Any CPU
		{DACBA047-ABC6-41F9-A64C-C5199D910F7E}.Release|Any CPU.Build.0 = Release|Any CPU
		{152C9FBF-96D1-4344-B0DB-A87C53EA4D7B}.Debug|Any CPU.ActiveCfg = Debug|Any CPU
		{152C9FBF-96D1-4344-B0DB-A87C53EA4D7B}.Debug|Any CPU.Build.0 = Debug|Any CPU
		{152C9FBF-96D1-4344-B0DB-A87C53EA4D7B}.Release|Any CPU.ActiveCfg = Release|Any CPU
		{152C9FBF-96D1-4344-B0DB-A87C53EA4D7B}.Release|Any CPU.Build.0 = Release|Any CPU
		{E230482D-A206-41E5-9863-11D9A1837503}.Debug|Any CPU.ActiveCfg = Debug|Any CPU
		{E230482D-A206-41E5-9863-11D9A1837503}.Debug|Any CPU.Build.0 = Debug|Any CPU
		{E230482D-A206-41E5-9863-11D9A1837503}.Release|Any CPU.ActiveCfg = Release|Any CPU
		{E230482D-A206-41E5-9863-11D9A1837503}.Release|Any CPU.Build.0 = Release|Any CPU
		{E0B55DFF-17D6-400E-9CB9-77D3587DFBF1}.Debug|Any CPU.ActiveCfg = Debug|Any CPU
		{E0B55DFF-17D6-400E-9CB9-77D3587DFBF1}.Debug|Any CPU.Build.0 = Debug|Any CPU
		{E0B55DFF-17D6-400E-9CB9-77D3587DFBF1}.Release|Any CPU.ActiveCfg = Release|Any CPU
		{E0B55DFF-17D6-400E-9CB9-77D3587DFBF1}.Release|Any CPU.Build.0 = Release|Any CPU
		{01FEF57C-E6E7-480F-A17F-3EE78DF240B7}.Debug|Any CPU.ActiveCfg = Debug|Any CPU
		{01FEF57C-E6E7-480F-A17F-3EE78DF240B7}.Debug|Any CPU.Build.0 = Debug|Any CPU
		{01FEF57C-E6E7-480F-A17F-3EE78DF240B7}.Release|Any CPU.ActiveCfg = Release|Any CPU
		{01FEF57C-E6E7-480F-A17F-3EE78DF240B7}.Release|Any CPU.Build.0 = Release|Any CPU
		{5ACB8EEA-2957-4B6C-AC70-DEBCD28DE48C}.Debug|Any CPU.ActiveCfg = Debug|Any CPU
		{5ACB8EEA-2957-4B6C-AC70-DEBCD28DE48C}.Debug|Any CPU.Build.0 = Debug|Any CPU
		{5ACB8EEA-2957-4B6C-AC70-DEBCD28DE48C}.Release|Any CPU.ActiveCfg = Release|Any CPU
		{5ACB8EEA-2957-4B6C-AC70-DEBCD28DE48C}.Release|Any CPU.Build.0 = Release|Any CPU
		{C4923BE8-A722-426B-B507-D85A466D9ED4}.Debug|Any CPU.ActiveCfg = Debug|Any CPU
		{C4923BE8-A722-426B-B507-D85A466D9ED4}.Debug|Any CPU.Build.0 = Debug|Any CPU
		{C4923BE8-A722-426B-B507-D85A466D9ED4}.Release|Any CPU.ActiveCfg = Release|Any CPU
		{C4923BE8-A722-426B-B507-D85A466D9ED4}.Release|Any CPU.Build.0 = Release|Any CPU
		{3B230B3D-AAAE-4907-B1CE-55560432EA6E}.Debug|Any CPU.ActiveCfg = Debug|Any CPU
		{3B230B3D-AAAE-4907-B1CE-55560432EA6E}.Debug|Any CPU.Build.0 = Debug|Any CPU
		{3B230B3D-AAAE-4907-B1CE-55560432EA6E}.Release|Any CPU.ActiveCfg = Release|Any CPU
		{3B230B3D-AAAE-4907-B1CE-55560432EA6E}.Release|Any CPU.Build.0 = Release|Any CPU
		{50DA2EA5-902E-432C-A8C3-077CCF1A1AC9}.Debug|Any CPU.ActiveCfg = Debug|Any CPU
		{50DA2EA5-902E-432C-A8C3-077CCF1A1AC9}.Debug|Any CPU.Build.0 = Debug|Any CPU
		{50DA2EA5-902E-432C-A8C3-077CCF1A1AC9}.Release|Any CPU.ActiveCfg = Release|Any CPU
		{50DA2EA5-902E-432C-A8C3-077CCF1A1AC9}.Release|Any CPU.Build.0 = Release|Any CPU
		{567DA669-1F05-48EF-BC58-D71F28D9C0B6}.Debug|Any CPU.ActiveCfg = Debug|Any CPU
		{567DA669-1F05-48EF-BC58-D71F28D9C0B6}.Debug|Any CPU.Build.0 = Debug|Any CPU
		{567DA669-1F05-48EF-BC58-D71F28D9C0B6}.Release|Any CPU.ActiveCfg = Release|Any CPU
		{567DA669-1F05-48EF-BC58-D71F28D9C0B6}.Release|Any CPU.Build.0 = Release|Any CPU
	EndGlobalSection
	GlobalSection(SolutionProperties) = preSolution
		HideSolutionNode = FALSE
	EndGlobalSection
	GlobalSection(NestedProjects) = preSolution
		{F2F34C2B-7C01-4C04-9F2A-A398B6EF8971} = {7D0B5F6B-166A-4DCC-B24C-C20DE713F129}
		{49DFCA1D-998C-4917-9BCD-C6B78C32955E} = {7D0B5F6B-166A-4DCC-B24C-C20DE713F129}
		{AC78D868-C788-4123-BC10-89E322874418} = {7D0B5F6B-166A-4DCC-B24C-C20DE713F129}
		{3ABA14A7-5645-44C4-8D32-76AAD0B84BC4} = {7D0B5F6B-166A-4DCC-B24C-C20DE713F129}
		{468F8D1A-F5A1-4C34-B4CC-EDD65D951240} = {49DFCA1D-998C-4917-9BCD-C6B78C32955E}
		{E0D6BE10-2A2D-4EBD-9764-C797110721D3} = {AC78D868-C788-4123-BC10-89E322874418}
		{BF21E2A4-672B-4461-BC43-4AE558CAC302} = {AC78D868-C788-4123-BC10-89E322874418}
		{F4EDC8CC-1CE8-4004-A4B9-DA92CC97FE58} = {AC78D868-C788-4123-BC10-89E322874418}
		{BD23FCFB-9E08-4DAF-A971-EB7C9E45A97C} = {AC78D868-C788-4123-BC10-89E322874418}
		{00FB7AA3-AB48-4117-8DB8-7D2319F8C566} = {AC78D868-C788-4123-BC10-89E322874418}
		{030204F4-8BFD-4FA5-B0F1-8E2DE427573E} = {AC78D868-C788-4123-BC10-89E322874418}
		{5EFC7DE5-5AFB-4B8E-8D0F-0C5FECF4EE88} = {3ABA14A7-5645-44C4-8D32-76AAD0B84BC4}
		{5279AC3A-9EF0-45C3-90A1-95B4288DD3DE} = {F4EDC8CC-1CE8-4004-A4B9-DA92CC97FE58}
		{4093D403-AC14-404D-A8F8-5C9640030503} = {BF21E2A4-672B-4461-BC43-4AE558CAC302}
		{F29FE9CE-1D99-411B-A7A4-1922899AFFC9} = {00FB7AA3-AB48-4117-8DB8-7D2319F8C566}
		{8CBF4DF1-16E2-4D7C-9675-57139DC2EDC0} = {E0D6BE10-2A2D-4EBD-9764-C797110721D3}
		{DACBA047-ABC6-41F9-A64C-C5199D910F7E} = {030204F4-8BFD-4FA5-B0F1-8E2DE427573E}
		{152C9FBF-96D1-4344-B0DB-A87C53EA4D7B} = {49DFCA1D-998C-4917-9BCD-C6B78C32955E}
		{E230482D-A206-41E5-9863-11D9A1837503} = {49DFCA1D-998C-4917-9BCD-C6B78C32955E}
		{E0B55DFF-17D6-400E-9CB9-77D3587DFBF1} = {49DFCA1D-998C-4917-9BCD-C6B78C32955E}
		{01FEF57C-E6E7-480F-A17F-3EE78DF240B7} = {F2F34C2B-7C01-4C04-9F2A-A398B6EF8971}
		{5ACB8EEA-2957-4B6C-AC70-DEBCD28DE48C} = {BD23FCFB-9E08-4DAF-A971-EB7C9E45A97C}
		{C4923BE8-A722-426B-B507-D85A466D9ED4} = {BD23FCFB-9E08-4DAF-A971-EB7C9E45A97C}
		{3B230B3D-AAAE-4907-B1CE-55560432EA6E} = {BD23FCFB-9E08-4DAF-A971-EB7C9E45A97C}
		{50DA2EA5-902E-432C-A8C3-077CCF1A1AC9} = {BD23FCFB-9E08-4DAF-A971-EB7C9E45A97C}
		{FC9974B2-5DA5-4E33-A52C-5C0C500345B2} = {49DFCA1D-998C-4917-9BCD-C6B78C32955E}
		{567DA669-1F05-48EF-BC58-D71F28D9C0B6} = {FC9974B2-5DA5-4E33-A52C-5C0C500345B2}
	EndGlobalSection
	GlobalSection(ExtensibilityGlobals) = postSolution
		SolutionGuid = {0D4B2F50-56A7-4132-8D6B-D1C6AB4B6454}
	EndGlobalSection
EndGlobal
